
Microsoft Visual Studio Solution File, Format Version 12.00
# Visual Studio Version 16
VisualStudioVersion = 16.0.31702.278
MinimumVisualStudioVersion = 10.0.40219.1
Project("{9A19103F-16F7-4668-BE54-9A1E7A4F7556}") = "ModelApp", "ModelApp\ModelApp.csproj", "{457A5C8D-87DC-49E9-844F-1206E42957C2}"
EndProject
Project("{9A19103F-16F7-4668-BE54-9A1E7A4F7556}") = "ConsoleModel", "ConsoleModel\ConsoleModel.csproj", "{409D0216-92F6-4C3F-A337-94243CA0595E}"
EndProject
Project("{FAE04EC0-301F-11D3-BF4B-00C04F79EFBC}") = "GestionNotes", "GestionNotes\GestionNotes.csproj", "{7C3B3B1E-BC29-4615-9FAE-9253CE417D1E}"
EndProject
Global
	GlobalSection(SolutionConfigurationPlatforms) = preSolution
		Debug|Any CPU = Debug|Any CPU
		Release|Any CPU = Release|Any CPU
	EndGlobalSection
	GlobalSection(ProjectConfigurationPlatforms) = postSolution
		{457A5C8D-87DC-49E9-844F-1206E42957C2}.Debug|Any CPU.ActiveCfg = Debug|Any CPU
		{457A5C8D-87DC-49E9-844F-1206E42957C2}.Debug|Any CPU.Build.0 = Debug|Any CPU
		{457A5C8D-87DC-49E9-844F-1206E42957C2}.Release|Any CPU.ActiveCfg = Release|Any CPU
		{457A5C8D-87DC-49E9-844F-1206E42957C2}.Release|Any CPU.Build.0 = Release|Any CPU
		{409D0216-92F6-4C3F-A337-94243CA0595E}.Debug|Any CPU.ActiveCfg = Debug|Any CPU
		{409D0216-92F6-4C3F-A337-94243CA0595E}.Debug|Any CPU.Build.0 = Debug|Any CPU
		{409D0216-92F6-4C3F-A337-94243CA0595E}.Release|Any CPU.ActiveCfg = Release|Any CPU
		{409D0216-92F6-4C3F-A337-94243CA0595E}.Release|Any CPU.Build.0 = Release|Any CPU
		{7C3B3B1E-BC29-4615-9FAE-9253CE417D1E}.Debug|Any CPU.ActiveCfg = Debug|Any CPU
		{7C3B3B1E-BC29-4615-9FAE-9253CE417D1E}.Debug|Any CPU.Build.0 = Debug|Any CPU
		{7C3B3B1E-BC29-4615-9FAE-9253CE417D1E}.Release|Any CPU.ActiveCfg = Release|Any CPU
		{7C3B3B1E-BC29-4615-9FAE-9253CE417D1E}.Release|Any CPU.Build.0 = Release|Any CPU
	EndGlobalSection
	GlobalSection(SolutionProperties) = preSolution
		HideSolutionNode = FALSE
	EndGlobalSection
	GlobalSection(ExtensibilityGlobals) = postSolution
		SolutionGuid = {38B9CAB6-CF11-4F32-A4AC-17AA42513009}
	EndGlobalSection
EndGlobal
